
Microsoft Visual Studio Solution File, Format Version 12.00
# Visual Studio Version 16
VisualStudioVersion = 16.0.29009.5
MinimumVisualStudioVersion = 10.0.40219.1
Project("{FAE04EC0-301F-11D3-BF4B-00C04F79EFBC}") = "TestPlaylistGenerator", "TestPlaylistGenerator.csproj", "{C5379296-F822-420B-B1B3-DD75C4E8C8D5}"
EndProject
Project("{FAE04EC0-301F-11D3-BF4B-00C04F79EFBC}") = "FormsApp", "..\FormsApp\FormsApp.csproj", "{FA12D3DE-D858-4D37-B868-68186336BCBD}"
EndProject
Project("{FAE04EC0-301F-11D3-BF4B-00C04F79EFBC}") = "TestPlayListGenerator.DataContracts", "..\TestPlayListGenerator.DataContracts\TestPlayListGenerator.DataContracts.csproj", "{A9E8CE04-4A45-4773-AF6E-E781BCB7B3DF}"
EndProject
Global
	GlobalSection(SolutionConfigurationPlatforms) = preSolution
		Debug|Any CPU = Debug|Any CPU
		Release|Any CPU = Release|Any CPU
	EndGlobalSection
	GlobalSection(ProjectConfigurationPlatforms) = postSolution
		{C5379296-F822-420B-B1B3-DD75C4E8C8D5}.Debug|Any CPU.ActiveCfg = Debug|Any CPU
		{C5379296-F822-420B-B1B3-DD75C4E8C8D5}.Debug|Any CPU.Build.0 = Debug|Any CPU
		{C5379296-F822-420B-B1B3-DD75C4E8C8D5}.Release|Any CPU.ActiveCfg = Release|Any CPU
		{C5379296-F822-420B-B1B3-DD75C4E8C8D5}.Release|Any CPU.Build.0 = Release|Any CPU
		{FA12D3DE-D858-4D37-B868-68186336BCBD}.Debug|Any CPU.ActiveCfg = Debug|Any CPU
		{FA12D3DE-D858-4D37-B868-68186336BCBD}.Debug|Any CPU.Build.0 = Debug|Any CPU
		{FA12D3DE-D858-4D37-B868-68186336BCBD}.Release|Any CPU.ActiveCfg = Release|Any CPU
		{FA12D3DE-D858-4D37-B868-68186336BCBD}.Release|Any CPU.Build.0 = Release|Any CPU
		{A9E8CE04-4A45-4773-AF6E-E781BCB7B3DF}.Debug|Any CPU.ActiveCfg = Debug|Any CPU
		{A9E8CE04-4A45-4773-AF6E-E781BCB7B3DF}.Debug|Any CPU.Build.0 = Debug|Any CPU
		{A9E8CE04-4A45-4773-AF6E-E781BCB7B3DF}.Release|Any CPU.ActiveCfg = Release|Any CPU
		{A9E8CE04-4A45-4773-AF6E-E781BCB7B3DF}.Release|Any CPU.Build.0 = Release|Any CPU
	EndGlobalSection
	GlobalSection(SolutionProperties) = preSolution
		HideSolutionNode = FALSE
	EndGlobalSection
	GlobalSection(ExtensibilityGlobals) = postSolution
		SolutionGuid = {4D3E8143-DD4A-4BBC-82CE-B1E50A9DDFE3}
	EndGlobalSection
EndGlobal
